
Microsoft Visual Studio Solution File, Format Version 12.00
# Visual Studio Version 16
VisualStudioVersion = 16.0.31911.196
MinimumVisualStudioVersion = 10.0.40219.1
Project("{FAE04EC0-301F-11D3-BF4B-00C04F79EFBC}") = "LIS_Xamarin.Android", "LIS_Xamarin\LIS_Xamarin.Android\LIS_Xamarin.Android.csproj", "{647DA469-91D4-4421-AF04-41D87B8EC88B}"
EndProject
Project("{FAE04EC0-301F-11D3-BF4B-00C04F79EFBC}") = "LIS_Xamarin.iOS", "LIS_Xamarin\LIS_Xamarin.iOS\LIS_Xamarin.iOS.csproj", "{C9A14AFF-3E51-48D5-94AE-51A8D7A1E7CD}"
EndProject
Project("{FAE04EC0-301F-11D3-BF4B-00C04F79EFBC}") = "LIS_Xamarin", "LIS_Xamarin\LIS_Xamarin\LIS_Xamarin.csproj", "{A5EED3CA-6C31-4B7D-A11E-6466A02A1B58}"
EndProject
Global
	GlobalSection(SolutionConfigurationPlatforms) = preSolution
		Debug|Any CPU = Debug|Any CPU
		Debug|iPhone = Debug|iPhone
		Debug|iPhoneSimulator = Debug|iPhoneSimulator
		Release|Any CPU = Release|Any CPU
		Release|iPhone = Release|iPhone
		Release|iPhoneSimulator = Release|iPhoneSimulator
	EndGlobalSection
	GlobalSection(ProjectConfigurationPlatforms) = postSolution
		{647DA469-91D4-4421-AF04-41D87B8EC88B}.Debug|Any CPU.ActiveCfg = Debug|Any CPU
		{647DA469-91D4-4421-AF04-41D87B8EC88B}.Debug|Any CPU.Build.0 = Debug|Any CPU
		{647DA469-91D4-4421-AF04-41D87B8EC88B}.Debug|Any CPU.Deploy.0 = Debug|Any CPU
		{647DA469-91D4-4421-AF04-41D87B8EC88B}.Debug|iPhone.ActiveCfg = Debug|Any CPU
		{647DA469-91D4-4421-AF04-41D87B8EC88B}.Debug|iPhone.Build.0 = Debug|Any CPU
		{647DA469-91D4-4421-AF04-41D87B8EC88B}.Debug|iPhone.Deploy.0 = Debug|Any CPU
		{647DA469-91D4-4421-AF04-41D87B8EC88B}.Debug|iPhoneSimulator.ActiveCfg = Debug|Any CPU
		{647DA469-91D4-4421-AF04-41D87B8EC88B}.Debug|iPhoneSimulator.Build.0 = Debug|Any CPU
		{647DA469-91D4-4421-AF04-41D87B8EC88B}.Debug|iPhoneSimulator.Deploy.0 = Debug|Any CPU
		{647DA469-91D4-4421-AF04-41D87B8EC88B}.Release|Any CPU.ActiveCfg = Release|Any CPU
		{647DA469-91D4-4421-AF04-41D87B8EC88B}.Release|Any CPU.Build.0 = Release|Any CPU
		{647DA469-91D4-4421-AF04-41D87B8EC88B}.Release|Any CPU.Deploy.0 = Release|Any CPU
		{647DA469-91D4-4421-AF04-41D87B8EC88B}.Release|iPhone.ActiveCfg = Release|Any CPU
		{647DA469-91D4-4421-AF04-41D87B8EC88B}.Release|iPhone.Build.0 = Release|Any CPU
		{647DA469-91D4-4421-AF04-41D87B8EC88B}.Release|iPhone.Deploy.0 = Release|Any CPU
		{647DA469-91D4-4421-AF04-41D87B8EC88B}.Release|iPhoneSimulator.ActiveCfg = Release|Any CPU
		{647DA469-91D4-4421-AF04-41D87B8EC88B}.Release|iPhoneSimulator.Build.0 = Release|Any CPU
		{647DA469-91D4-4421-AF04-41D87B8EC88B}.Release|iPhoneSimulator.Deploy.0 = Release|Any CPU
		{C9A14AFF-3E51-48D5-94AE-51A8D7A1E7CD}.Debug|Any CPU.ActiveCfg = Debug|iPhone
		{C9A14AFF-3E51-48D5-94AE-51A8D7A1E7CD}.Debug|Any CPU.Build.0 = Debug|iPhone
		{C9A14AFF-3E51-48D5-94AE-51A8D7A1E7CD}.Debug|Any CPU.Deploy.0 = Debug|iPhone
		{C9A14AFF-3E51-48D5-94AE-51A8D7A1E7CD}.Debug|iPhone.ActiveCfg = Debug|iPhone
		{C9A14AFF-3E51-48D5-94AE-51A8D7A1E7CD}.Debug|iPhone.Build.0 = Debug|iPhone
		{C9A14AFF-3E51-48D5-94AE-51A8D7A1E7CD}.Debug|iPhone.Deploy.0 = Debug|iPhone
		{C9A14AFF-3E51-48D5-94AE-51A8D7A1E7CD}.Debug|iPhoneSimulator.ActiveCfg = Debug|iPhoneSimulator
		{C9A14AFF-3E51-48D5-94AE-51A8D7A1E7CD}.Debug|iPhoneSimulator.Build.0 = Debug|iPhoneSimulator
		{C9A14AFF-3E51-48D5-94AE-51A8D7A1E7CD}.Debug|iPhoneSimulator.Deploy.0 = Debug|iPhoneSimulator
		{C9A14AFF-3E51-48D5-94AE-51A8D7A1E7CD}.Release|Any CPU.ActiveCfg = Release|iPhoneSimulator
		{C9A14AFF-3E51-48D5-94AE-51A8D7A1E7CD}.Release|Any CPU.Build.0 = Release|iPhoneSimulator
		{C9A14AFF-3E51-48D5-94AE-51A8D7A1E7CD}.Release|Any CPU.Deploy.0 = Release|iPhoneSimulator
		{C9A14AFF-3E51-48D5-94AE-51A8D7A1E7CD}.Release|iPhone.ActiveCfg = Release|iPhone
		{C9A14AFF-3E51-48D5-94AE-51A8D7A1E7CD}.Release|iPhone.Build.0 = Release|iPhone
		{C9A14AFF-3E51-48D5-94AE-51A8D7A1E7CD}.Release|iPhone.Deploy.0 = Release|iPhone
		{C9A14AFF-3E51-48D5-94AE-51A8D7A1E7CD}.Release|iPhoneSimulator.ActiveCfg = Release|iPhoneSimulator
		{C9A14AFF-3E51-48D5-94AE-51A8D7A1E7CD}.Release|iPhoneSimulator.Build.0 = Release|iPhoneSimulator
		{C9A14AFF-3E51-48D5-94AE-51A8D7A1E7CD}.Release|iPhoneSimulator.Deploy.0 = Release|iPhoneSimulator
		{A5EED3CA-6C31-4B7D-A11E-6466A02A1B58}.Debug|Any CPU.ActiveCfg = Debug|Any CPU
		{A5EED3CA-6C31-4B7D-A11E-6466A02A1B58}.Debug|Any CPU.Build.0 = Debug|Any CPU
		{A5EED3CA-6C31-4B7D-A11E-6466A02A1B58}.Debug|Any CPU.Deploy.0 = Debug|Any CPU
		{A5EED3CA-6C31-4B7D-A11E-6466A02A1B58}.Debug|iPhone.ActiveCfg = Debug|Any CPU
		{A5EED3CA-6C31-4B7D-A11E-6466A02A1B58}.Debug|iPhone.Build.0 = Debug|Any CPU
		{A5EED3CA-6C31-4B7D-A11E-6466A02A1B58}.Debug|iPhone.Deploy.0 = Debug|Any CPU
		{A5EED3CA-6C31-4B7D-A11E-6466A02A1B58}.Debug|iPhoneSimulator.ActiveCfg = Debug|Any CPU
		{A5EED3CA-6C31-4B7D-A11E-6466A02A1B58}.Debug|iPhoneSimulator.Build.0 = Debug|Any CPU
		{A5EED3CA-6C31-4B7D-A11E-6466A02A1B58}.Debug|iPhoneSimulator.Deploy.0 = Debug|Any CPU
		{A5EED3CA-6C31-4B7D-A11E-6466A02A1B58}.Release|Any CPU.ActiveCfg = Release|Any CPU
		{A5EED3CA-6C31-4B7D-A11E-6466A02A1B58}.Release|Any CPU.Build.0 = Release|Any CPU
		{A5EED3CA-6C31-4B7D-A11E-6466A02A1B58}.Release|Any CPU.Deploy.0 = Release|Any CPU
		{A5EED3CA-6C31-4B7D-A11E-6466A02A1B58}.Release|iPhone.ActiveCfg = Release|Any CPU
		{A5EED3CA-6C31-4B7D-A11E-6466A02A1B58}.Release|iPhone.Build.0 = Release|Any CPU
		{A5EED3CA-6C31-4B7D-A11E-6466A02A1B58}.Release|iPhone.Deploy.0 = Release|Any CPU
		{A5EED3CA-6C31-4B7D-A11E-6466A02A1B58}.Release|iPhoneSimulator.ActiveCfg = Release|Any CPU
		{A5EED3CA-6C31-4B7D-A11E-6466A02A1B58}.Release|iPhoneSimulator.Build.0 = Release|Any CPU
		{A5EED3CA-6C31-4B7D-A11E-6466A02A1B58}.Release|iPhoneSimulator.Deploy.0 = Release|Any CPU
	EndGlobalSection
	GlobalSection(SolutionProperties) = preSolution
		HideSolutionNode = FALSE
	EndGlobalSection
	GlobalSection(ExtensibilityGlobals) = postSolution
		SolutionGuid = {2F49F7BC-4743-410E-8B2F-D33E5DAEC2C8}
	EndGlobalSection
EndGlobal
